github.com/aws/aws-sdk-go-v2 v1.31.0 h1:3V05LbxTSItI5kUqNwhJrrrY1BAXxXt0sN0l72QmG5U=
github.com/aws/aws-sdk-go-v2 v1.31.0/go.mod h1:ztolYtaEUtdpf9Wftr31CJfLVjOnD/CVRkKOOYgF8hA=
github.com/aws/aws-sdk-go-v2/config v1.27.5 h1:brBPsyRFQn97M1ZhQ9tLXkO7Zytiar0NS06FGmEJBdg=
github.com/aws/aws-sdk-go-v2/config v1.27.5/go.mod h1:I53uvsfddRRTG5YcC4n5Z3aOD1BU8hYCoIG7iEJG4wM=
github.com/aws/aws-sdk-go-v2/credentials v1.17.5 h1:yn3zSvIKC2NZIs40cY3kckcy9Zma96PrRR07N54PCvY=
github.com/aws/aws-sdk-go-v2/credentials v1.17.5/go.mod h1:8JcKPAGZVnDWuR5lusAwmrSDtZnDIAnpQWaDC9RFt2g=
github.com/aws/aws-sdk-go-v2/feature/ec2/imds v1.15.2 h1:AK0J8iYBFeUk2Ax7O8YpLtFsfhdOByh2QIkHmigpRYk=
github.com/aws/aws-sdk-go-v2/feature/ec2/imds v1.15.2/go.mod h1:iRlGzMix0SExQEviAyptRWRGdYNo3+ufW/lCzvKVTUc=
github.com/aws/aws-sdk-go-v2/internal/configsources v1.3.18 h1:kYQ3H1u0ANr9KEKlGs/jTLrBFPo8P8NaH/w7A01NeeM=
github.com/aws/aws-sdk-go-v2/internal/configsources v1.3.18/go.mod h1:r506HmK5JDUh9+Mw4CfGJGSSoqIiLCndAuqXuhbv67Y=
github.com/aws/aws-sdk-go-v2/internal/endpoints/v2 v2.6.18 h1:Z7IdFUONvTcvS7YuhtVxN99v2cCoHRXOS4mTr0B/pUc=
github.com/aws/aws-sdk-go-v2/internal/endpoints/v2 v2.6.18/go.mod h1:DkKMmksZVVyat+Y+r1dEOgJEfUeA7UngIHWeKsi0yNc=
github.com/aws/aws-sdk-go-v2/internal/ini v1.8.0 h1:hT8rVHwugYE2lEfdFE0QWVo81lF7jMrYJVDWI+f+VxU=
github.com/aws/aws-sdk-go-v2/internal/ini v1.8.0/go.mod h1:8tu/lYfQfFe6IGnaOdrpVgEL2IrrDOf6/m9RQum4NkY=
github.com/aws/aws-sdk-go-v2/service/internal/accept-encoding v1.11.1 h1:EyBZibRTVAs6ECHZOw5/wlylS9OcTzwyjeQMudmREjE=
github.com/aws/aws-sdk-go-v2/service/internal/accept-encoding v1.11.1/go.mod h1:JKpmtYhhPs7D97NL/ltqz7yCkERFW5dOlHyVl66ZYF8=
github.com/aws/aws-sdk-go-v2/service/internal/presigned-url v1.11.3 h1:x0N5ftQzgcfRpCpTiyZC40pvNUJYhzf4UgCsAyO6/P8=
github.com/aws/aws-sdk-go-v2/service/internal/presigned-url v1.11.3/go.mod h1:Ru7vg1iQ7cR4i7SZ/JTLYN9kaXtbL69UdgG0OQWQxW0=
github.com/aws/aws-sdk-go-v2/service/sqs v1.35.4 h1:/tOrE92KXPF14vdIhwp/06zSYEKQMiwVtI4/qBugwDw=
github.com/aws/aws-sdk-go-v2/service/sqs v1.35.4/go.mod h1:WuGxWQhu2LXoPGA2HBIbotpwhM6T4hAz0Ip/HjdxfJg=
github.com/aws/aws-sdk-go-v2/service/sso v1.20.1 h1:utEGkfdQ4L6YW/ietH7111ZYglLJvS+sLriHJ1NBJEQ=
github.com/aws/aws-sdk-go-v2/service/sso v1.20.1/go.mod h1:RsYqzYr2F2oPDdpy+PdhephuZxTfjHQe7SOBcZGoAU8=
github.com/aws/aws-sdk-go-v2/service/ssooidc v1.23.1 h1:9/GylMS45hGGFCcMrUZDVayQE1jYSIN6da9jo7RAYIw=
github.com/aws/aws-sdk-go-v2/service/ssooidc v1.23.1/go.mod h1:YjAPFn4kGFqKC54VsHs5fn5B6d+PCY2tziEa3U/GB5Y=
github.com/aws/aws-sdk-go-v2/service/sts v1.28.2 h1:0YjXuWdYHvsm0HnT4vO8XpwG1D+i2roxSCBoN6deJ7M=
github.com/aws/aws-sdk-go-v2/service/sts v1.28.2/go.mod h1:jI+FWmYkSMn+4APWmZiZTgt0oM0TrvymD51FMqCnWgA=
github.com/aws/smithy-go v1.21.0 h1:H7L8dtDRk0P1Qm6y0ji7MCYMQObJ5R9CRpyPhRUkLYA=
github.com/aws/smithy-go v1.21.0/go.mod h1:irrKGvNn1InZwb2d7fkIRNucdfwR8R+Ts3wxYa/cJHg=
github.com/google/go-cmp v0.5.2/go.mod h1:v8dTdLbMG2kIc/vJvl+f65V22dbkXbowE6jgT/gNBxE=
github.com/google/go-cmp v0.7.0 h1:wk8382ETsv4JYUZwIsn6YpYiWiBsYLSJiTsyBybVuN8=
github.com/google/go-cmp v0.7.0/go.mod h1:pXiqmnSA92OHEEa9HXL2W4E7lf9JzCmGVUdgjX3N/iU=
github.com/google/go-github/v76 v76.0.0 h1:MCa9VQn+VG5GG7Y7BAkBvSRUN3o+QpaEOuZwFPJmdFA=
github.com/google/go-github/v76 v76.0.0/go.mod h1:38+d/8pYDO4fBLYfBhXF5EKO0wA3UkXBjfmQapFsNCQ=
github.com/google/go-querystring v1.1.0 h1:AnCroh3fv4ZBgVIf1Iwtovgjaw/GiKJo8M8yD/fhyJ8=
github.com/google/go-querystring v1.1.0/go.mod h1:Kcdr2DB4koayq7X8pmAG4sNG59So17icRSOU623lUBU=
golang.org/x/xerrors v0.0.0-20191204190536-9bdfabe68543/go.mod h1:I/5z698sn9Ka8TeJc9MKroUUfqBBauWjQqLJ2OPfmY0=
